{
  "name": "houseApp",
  "lockfileVersion": 3,
  "requires": true,
  "packages": {
    "": {
      "dependencies": {
        "babylonjs": "^7.23.0"
      }
    },
    "node_modules/babylonjs": {
      "version": "7.23.0",
      "resolved": "https://registry.npmjs.org/babylonjs/-/babylonjs-7.23.0.tgz",
      "integrity": "sha512-7RAg/Z/GrIzHq8elPWbGoMUriPmYn2DmreZ+9tkn9ZYS74G/2muXjshtBL7zhNXBOCLsEvYUnpUtgfIW2lN3ow==",
      "hasInstallScript": true
    }
  }
}
